
Microsoft Visual Studio Solution File, Format Version 12.00
# Visual Studio 15
VisualStudioVersion = 15.0.28307.645
MinimumVisualStudioVersion = 10.0.40219.1
Project("{FAE04EC0-301F-11D3-BF4B-00C04F79EFBC}") = "KiteShop", "KiteShop\KiteShop.csproj", "{A215F801-F0EE-4E36-BFB2-0D752ACF138C}"
EndProject
Global
	GlobalSection(SolutionConfigurationPlatforms) = preSolution
		Debug|Any CPU = Debug|Any CPU
		Release|Any CPU = Release|Any CPU
	EndGlobalSection
	GlobalSection(ProjectConfigurationPlatforms) = postSolution
		{A215F801-F0EE-4E36-BFB2-0D752ACF138C}.Debug|Any CPU.ActiveCfg = Debug|Any CPU
		{A215F801-F0EE-4E36-BFB2-0D752ACF138C}.Debug|Any CPU.Build.0 = Debug|Any CPU
		{A215F801-F0EE-4E36-BFB2-0D752ACF138C}.Release|Any CPU.ActiveCfg = Release|Any CPU
		{A215F801-F0EE-4E36-BFB2-0D752ACF138C}.Release|Any CPU.Build.0 = Release|Any CPU
	EndGlobalSection
	GlobalSection(SolutionProperties) = preSolution
		HideSolutionNode = FALSE
	EndGlobalSection
	GlobalSection(ExtensibilityGlobals) = postSolution
		SolutionGuid = {E105A1ED-B0C3-44CA-A9D2-7F0ECD8C558E}
	EndGlobalSection
EndGlobal
